<?xml version="1.0" encoding="utf-8"?>
<Project ToolsVersion="4.0" xmlns="http://schemas.microsoft.com/developer/msbuild/2003">
  <ItemGroup>
    <Filter Include="Source Files">
      <UniqueIdentifier>{4FC737F1-C7A5-4376-A066-2A32D752A2FF}</UniqueIdentifier>
      <Extensions>cpp;c;cc;cxx;def;odl;idl;hpj;bat;asm;asmx</Extensions>
    </Filter>
    <Filter Include="Header Files">
      <UniqueIdentifier>{93995380-89BD-4b04-88EB-625FBE52EBFB}</UniqueIdentifier>
      <Extensions>h;hh;hpp;hxx;hm;inl;inc;xsd</Extensions>
    </Filter>
    <Filter Include="Resource Files">
      <UniqueIdentifier>{67DA6AB6-F800-4c08-8B7A-83BB121AAD01}</UniqueIdentifier>
      <Extensions>rc;ico;cur;bmp;dlg;rc2;rct;bin;rgs;gif;jpg;jpeg;jpe;resx;tiff;tif;png;wav;mfcribbon-ms</Extensions>
    </Filter>
    <Filter Include="Source Files\Components">
      <UniqueIdentifier>{6a55792c-f733-49f5-bb71-5c578d7f7fe3}</UniqueIdentifier>
    </Filter>
    <Filter Include="Header Files\ECS">
      <UniqueIdentifier>{4f72b523-42fa-4708-b0fa-6b7bcc1ae7e0}</UniqueIdentifier>
    </Filter>
    <Filter Include="Header Files\Components">
      <UniqueIdentifier>{9c31aa06-5681-4dc6-bc12-5973827e7b5e}</UniqueIdentifier>
    </Filter>
    <Filter Include="Source Files\Core">
      <UniqueIdentifier>{a6366dad-3e44-44da-890e-c1a4f11dca2e}</UniqueIdentifier>
    </Filter>
    <Filter Include="Header Files\Core">
      <UniqueIdentifier>{a6224294-6805-49c6-927e-04d43514525e}</UniqueIdentifier>
    </Filter>
    <Filter Include="Header Files\ECS\MPL">
      <UniqueIdentifier>{f97c0a33-12f3-4b4d-84fc-39e8537457eb}</UniqueIdentifier>
    </Filter>
    <Filter Include="Source Files\Systems">
      <UniqueIdentifier>{319bcfac-fbda-41f0-ac1e-9c421f051122}</UniqueIdentifier>
    </Filter>
    <Filter Include="Assets">
      <UniqueIdentifier>{0c0b80d0-e548-4f19-9e93-b003bebba932}</UniqueIdentifier>
    </Filter>
  </ItemGroup>
  <ItemGroup>
    <ClCompile Include="main.cpp">
      <Filter>Source Files</Filter>
    </ClCompile>
    <ClCompile Include="Systems\Movement.cpp">
      <Filter>Source Files\Systems</Filter>
    </ClCompile>
    <ClCompile Include="Systems\ObjectSpammer.cpp">
      <Filter>Source Files\Systems</Filter>
    </ClCompile>
    <ClCompile Include="Systems\SFMLManager.cpp">
      <Filter>Source Files\Systems</Filter>
    </ClCompile>
    <ClCompile Include="Systems\SystemTemplate.cpp">
      <Filter>Source Files\Systems</Filter>
    </ClCompile>
    <ClCompile Include="Systems\UnitDeath.cpp">
      <Filter>Source Files\Systems</Filter>
    </ClCompile>
    <ClCompile Include="Systems\WorldTile.cpp">
      <Filter>Source Files\Systems</Filter>
    </ClCompile>
    <ClCompile Include="Systems\DamageApplication.cpp">
      <Filter>Source Files\Systems</Filter>
    </ClCompile>
  </ItemGroup>
  <ItemGroup>
    <ClInclude Include="Core\typedef.h">
      <Filter>Header Files\Core</Filter>
    </ClInclude>
    <ClInclude Include="ECS\ecs.hpp">
      <Filter>Header Files\ECS</Filter>
    </ClInclude>
    <ClInclude Include="ECS\MPL\All.hpp">
      <Filter>Header Files\ECS\MPL</Filter>
    </ClInclude>
    <ClInclude Include="ECS\MPL\Concat.hpp">
      <Filter>Header Files\ECS\MPL</Filter>
    </ClInclude>
    <ClInclude Include="ECS\MPL\ContainsAll.hpp">
      <Filter>Header Files\ECS\MPL</Filter>
    </ClInclude>
    <ClInclude Include="ECS\MPL\Count.hpp">
      <Filter>Header Files\ECS\MPL</Filter>
    </ClInclude>
    <ClInclude Include="ECS\MPL\Filter.hpp">
      <Filter>Header Files\ECS\MPL</Filter>
    </ClInclude>
    <ClInclude Include="ECS\MPL\IndexOf.hpp">
      <Filter>Header Files\ECS\MPL</Filter>
    </ClInclude>
    <ClInclude Include="ECS\MPL\Interface.hpp">
      <Filter>Header Files\ECS\MPL</Filter>
    </ClInclude>
    <ClInclude Include="ECS\MPL\Map.hpp">
      <Filter>Header Files\ECS\MPL</Filter>
    </ClInclude>
    <ClInclude Include="ECS\MPL\MetaFor.hpp">
      <Filter>Header Files\ECS\MPL</Filter>
    </ClInclude>
    <ClInclude Include="ECS\MPL\MPL.hpp">
      <Filter>Header Files\ECS\MPL</Filter>
    </ClInclude>
    <ClInclude Include="ECS\MPL\Rename.hpp">
      <Filter>Header Files\ECS\MPL</Filter>
    </ClInclude>
    <ClInclude Include="ECS\MPL\Repeat.hpp">
      <Filter>Header Files\ECS\MPL</Filter>
    </ClInclude>
    <ClInclude Include="ECS\MPL\StrongTypedef.hpp">
      <Filter>Header Files\ECS\MPL</Filter>
    </ClInclude>
    <ClInclude Include="ECS\MPL\Tests.hpp">
      <Filter>Header Files\ECS\MPL</Filter>
    </ClInclude>
    <ClInclude Include="ECS\MPL\Type.hpp">
      <Filter>Header Files\ECS\MPL</Filter>
    </ClInclude>
    <ClInclude Include="ECS\MPL\TypeList.hpp">
      <Filter>Header Files\ECS\MPL</Filter>
    </ClInclude>
    <ClInclude Include="ECS\MPL\TypeListOps.hpp">
      <Filter>Header Files\ECS\MPL</Filter>
    </ClInclude>
    <ClInclude Include="ECS\MPL\Unique.hpp">
      <Filter>Header Files\ECS\MPL</Filter>
    </ClInclude>
    <ClInclude Include="Systems\Systems.h">
      <Filter>Source Files\Systems</Filter>
    </ClInclude>
    <ClInclude Include="Components\GraphicsComponents.h">
      <Filter>Header Files\Components</Filter>
    </ClInclude>
  </ItemGroup>
  <ItemGroup>
    <Font Include="Assets\cour.ttf">
      <Filter>Assets</Filter>
    </Font>
    <Font Include="Assets\courbd.ttf">
      <Filter>Assets</Filter>
    </Font>
    <Font Include="Assets\courbi.ttf">
      <Filter>Assets</Filter>
    </Font>
    <Font Include="Assets\couri.ttf">
      <Filter>Assets</Filter>
    </Font>
  </ItemGroup>
</Project>